
Microsoft Visual Studio Solution File, Format Version 12.00
# Visual Studio Version 17
VisualStudioVersion = 17.5.002.0
MinimumVisualStudioVersion = 10.0.40219.1
Project("{9A19103F-16F7-4668-BE54-9A1E7A4F7556}") = "WebAPIAutores", "WebAPIAutores.csproj", "{F78141F0-6490-415F-BC81-DAE0EE74CA7E}"
EndProject
Project("{FAE04EC0-301F-11D3-BF4B-00C04F79EFBC}") = "AuthorsWebApplication", "..\AuthorsWebApplication\AuthorsWebApplication.csproj", "{AC928E9B-7900-4A1E-BDB8-58EABDAA48B1}"
EndProject
Global
	GlobalSection(SolutionConfigurationPlatforms) = preSolution
		Debug|Any CPU = Debug|Any CPU
		Release|Any CPU = Release|Any CPU
	EndGlobalSection
	GlobalSection(ProjectConfigurationPlatforms) = postSolution
		{F78141F0-6490-415F-BC81-DAE0EE74CA7E}.Debug|Any CPU.ActiveCfg = Debug|Any CPU
		{F78141F0-6490-415F-BC81-DAE0EE74CA7E}.Debug|Any CPU.Build.0 = Debug|Any CPU
		{F78141F0-6490-415F-BC81-DAE0EE74CA7E}.Release|Any CPU.ActiveCfg = Release|Any CPU
		{F78141F0-6490-415F-BC81-DAE0EE74CA7E}.Release|Any CPU.Build.0 = Release|Any CPU
		{AC928E9B-7900-4A1E-BDB8-58EABDAA48B1}.Debug|Any CPU.ActiveCfg = Debug|Any CPU
		{AC928E9B-7900-4A1E-BDB8-58EABDAA48B1}.Debug|Any CPU.Build.0 = Debug|Any CPU
		{AC928E9B-7900-4A1E-BDB8-58EABDAA48B1}.Release|Any CPU.ActiveCfg = Release|Any CPU
		{AC928E9B-7900-4A1E-BDB8-58EABDAA48B1}.Release|Any CPU.Build.0 = Release|Any CPU
	EndGlobalSection
	GlobalSection(SolutionProperties) = preSolution
		HideSolutionNode = FALSE
	EndGlobalSection
	GlobalSection(ExtensibilityGlobals) = postSolution
		SolutionGuid = {09EC5748-D92D-4F6F-87E6-710EDBE7F871}
	EndGlobalSection
EndGlobal
